
Microsoft Visual Studio Solution File, Format Version 12.00
# Visual Studio Version 16
VisualStudioVersion = 16.0.35229.62
MinimumVisualStudioVersion = 10.0.40219.1
Project("{C9674DCB-5085-4A16-B785-4C70DD1589BD}") = "demo2", "demo2\demo2.dtproj", "{08D12CE5-96EB-4971-936A-B99404418028}"
EndProject
Global
	GlobalSection(SolutionConfigurationPlatforms) = preSolution
		Development|Default = Development|Default
	EndGlobalSection
	GlobalSection(ProjectConfigurationPlatforms) = postSolution
		{08D12CE5-96EB-4971-936A-B99404418028}.Development|Default.ActiveCfg = Development
		{08D12CE5-96EB-4971-936A-B99404418028}.Development|Default.Build.0 = Development
	EndGlobalSection
	GlobalSection(SolutionProperties) = preSolution
		HideSolutionNode = FALSE
	EndGlobalSection
	GlobalSection(ExtensibilityGlobals) = postSolution
		SolutionGuid = {C3410C4D-6926-432C-8648-948B2C2DC67E}
	EndGlobalSection
EndGlobal
